
Microsoft Visual Studio Solution File, Format Version 12.00
# Visual Studio 15
VisualStudioVersion = 15.0.27703.2000
MinimumVisualStudioVersion = 10.0.40219.1
Project("{FAE04EC0-301F-11D3-BF4B-00C04F79EFBC}") = "DemoBootstrap4.0", "DemoBootstrap4.0\DemoBootstrap4.0.csproj", "{D4B4C68A-1E5E-4751-B453-BD548C5B1742}"
EndProject
Global
	GlobalSection(SolutionConfigurationPlatforms) = preSolution
		Debug|Any CPU = Debug|Any CPU
		Release|Any CPU = Release|Any CPU
	EndGlobalSection
	GlobalSection(ProjectConfigurationPlatforms) = postSolution
		{D4B4C68A-1E5E-4751-B453-BD548C5B1742}.Debug|Any CPU.ActiveCfg = Debug|Any CPU
		{D4B4C68A-1E5E-4751-B453-BD548C5B1742}.Debug|Any CPU.Build.0 = Debug|Any CPU
		{D4B4C68A-1E5E-4751-B453-BD548C5B1742}.Release|Any CPU.ActiveCfg = Release|Any CPU
		{D4B4C68A-1E5E-4751-B453-BD548C5B1742}.Release|Any CPU.Build.0 = Release|Any CPU
	EndGlobalSection
	GlobalSection(SolutionProperties) = preSolution
		HideSolutionNode = FALSE
	EndGlobalSection
	GlobalSection(ExtensibilityGlobals) = postSolution
		SolutionGuid = {EB22B00A-F79C-4F3D-AE29-9F89C45470A9}
	EndGlobalSection
EndGlobal
